<?xml version="1.0" encoding="UTF-8"?>
<CONFIG>
  <ProjectOptions>
    <Version Value="11"/>
    <PathDelim Value="\"/>
    <General>
      <SessionStorage Value="InProjectDir"/>
      <MainUnit Value="0"/>
      <Title Value="DreamSDK Manager"/>
      <Scaled Value="True"/>
      <ResourceType Value="res"/>
      <UseXPManifest Value="True"/>
      <XPManifest>
        <DpiAware Value="True"/>
        <TextName Value="DreamSDK.Manager"/>
        <TextDesc Value="DreamSDK Manager"/>
      </XPManifest>
      <Icon Value="0"/>
    </General>
    <VersionInfo>
      <UseVersionInfo Value="True"/>
      <AutoIncrementBuild Value="True"/>
      <MajorVersionNr Value="3"/>
      <RevisionNr Value="4"/>
      <BuildNr Value="425"/>
      <StringTable Comments="http://dreamsdk.org/" CompanyName="The DreamSDK Team" FileDescription="DreamSDK Manager" InternalName="manager" LegalCopyright="© Copyleft 2018-2020" LegalTrademarks="Sega and Dreamcast are registered trademark of Sega Games Co., Ltd." OriginalFilename="dreamsdk-manager.exe" ProductName="DreamSDK" ProductVersion="3.0.4.2001"/>
    </VersionInfo>
    <BuildModes Count="2">
      <Item1 Name="Release" Default="True"/>
      <Item2 Name="Debug">
        <CompilerOptions>
          <Version Value="11"/>
          <PathDelim Value="\"/>
          <Target>
            <Filename Value="..\bin\dreamsdk-manager"/>
          </Target>
          <SearchPaths>
            <IncludeFiles Value="$(ProjOutDir)"/>
            <OtherUnitFiles Value="engine;engine\helpers;..\..\common\src;..\..\common\src\sys"/>
            <UnitOutputDirectory Value="..\lib\$(TargetCPU)-$(TargetOS)"/>
          </SearchPaths>
          <Parsing>
            <SyntaxOptions>
              <IncludeAssertionCode Value="True"/>
            </SyntaxOptions>
          </Parsing>
          <CodeGeneration>
            <Checks>
              <IOChecks Value="True"/>
              <RangeChecks Value="True"/>
              <OverflowChecks Value="True"/>
              <StackChecks Value="True"/>
            </Checks>
            <VerifyObjMethodCallValidity Value="True"/>
            <TargetCPU Value="i386"/>
            <TargetOS Value="win32"/>
          </CodeGeneration>
          <Linking>
            <Debugging>
              <DebugInfoType Value="dsDwarf2Set"/>
              <UseHeaptrc Value="True"/>
              <TrashVariables Value="True"/>
              <UseExternalDbgSyms Value="True"/>
            </Debugging>
            <Options>
              <Win32>
                <GraphicApplication Value="True"/>
              </Win32>
            </Options>
          </Linking>
          <Other>
            <CustomOptions Value="-dDEBUG -dGUI -dCONSOLE"/>
          </Other>
        </CompilerOptions>
      </Item2>
    </BuildModes>
    <PublishOptions>
      <Version Value="2"/>
    </PublishOptions>
    <RunParams>
      <FormatVersion Value="2"/>
      <Modes Count="1">
        <Mode0 Name="default"/>
      </Modes>
    </RunParams>
    <RequiredPackages Count="3">
      <Item1>
        <PackageName Value="laz_synapse"/>
      </Item1>
      <Item2>
        <PackageName Value="FCL"/>
      </Item2>
      <Item3>
        <PackageName Value="LCL"/>
      </Item3>
    </RequiredPackages>
    <Units Count="16">
      <Unit0>
        <Filename Value="dreamsdk-manager.lpr"/>
        <IsPartOfProject Value="True"/>
      </Unit0>
      <Unit1>
        <Filename Value="main.pas"/>
        <IsPartOfProject Value="True"/>
        <ComponentName Value="frmMain"/>
        <HasResources Value="True"/>
        <ResourceBaseClass Value="Form"/>
        <UnitName Value="Main"/>
      </Unit1>
      <Unit2>
        <Filename Value="engine\getver.pas"/>
        <IsPartOfProject Value="True"/>
        <UnitName Value="GetVer"/>
      </Unit2>
      <Unit3>
        <Filename Value="engine\environ.pas"/>
        <IsPartOfProject Value="True"/>
        <UnitName Value="Environ"/>
      </Unit3>
      <Unit4>
        <Filename Value="engine\portmgr.pas"/>
        <IsPartOfProject Value="True"/>
        <UnitName Value="PortMgr"/>
      </Unit4>
      <Unit5>
        <Filename Value="engine\dcsdkmgr.pas"/>
        <IsPartOfProject Value="True"/>
        <UnitName Value="DCSDKMgr"/>
      </Unit5>
      <Unit6>
        <Filename Value="progress.pas"/>
        <IsPartOfProject Value="True"/>
        <ComponentName Value="frmProgress"/>
        <HasResources Value="True"/>
        <ResourceBaseClass Value="Form"/>
        <UnitName Value="Progress"/>
      </Unit6>
      <Unit7>
        <Filename Value="engine\kosmgr.pas"/>
        <IsPartOfProject Value="True"/>
        <UnitName Value="KOSMgr"/>
      </Unit7>
      <Unit8>
        <Filename Value="engine\helpers\shellthd.pas"/>
        <IsPartOfProject Value="True"/>
        <UnitName Value="ShellThd"/>
      </Unit8>
      <Unit9>
        <Filename Value="engine\helpers\postinst.pas"/>
        <IsPartOfProject Value="True"/>
        <UnitName Value="PostInst"/>
      </Unit9>
      <Unit10>
        <Filename Value="strres.pas"/>
        <IsPartOfProject Value="True"/>
        <UnitName Value="StrRes"/>
      </Unit10>
      <Unit11>
        <Filename Value="engine\toolmgr.pas"/>
        <IsPartOfProject Value="True"/>
        <UnitName Value="ToolMgr"/>
      </Unit11>
      <Unit12>
        <Filename Value="about.pas"/>
        <IsPartOfProject Value="True"/>
        <ComponentName Value="frmAbout"/>
        <HasResources Value="True"/>
        <ResourceBaseClass Value="Form"/>
        <UnitName Value="About"/>
      </Unit12>
      <Unit13>
        <Filename Value="engine\helpers\modver.pas"/>
        <IsPartOfProject Value="True"/>
        <UnitName Value="ModVer"/>
      </Unit13>
      <Unit14>
        <Filename Value="engine\idemgr.pas"/>
        <IsPartOfProject Value="True"/>
        <UnitName Value="IDEMgr"/>
      </Unit14>
      <Unit15>
        <Filename Value="splash.pas"/>
        <IsPartOfProject Value="True"/>
        <ComponentName Value="frmSplash"/>
        <HasResources Value="True"/>
        <ResourceBaseClass Value="Form"/>
        <UnitName Value="Splash"/>
      </Unit15>
    </Units>
  </ProjectOptions>
  <CompilerOptions>
    <Version Value="11"/>
    <PathDelim Value="\"/>
    <Target>
      <Filename Value="..\bin\dreamsdk-manager"/>
    </Target>
    <SearchPaths>
      <IncludeFiles Value="$(ProjOutDir)"/>
      <OtherUnitFiles Value="engine;engine\helpers;..\..\common\src;..\..\common\src\sys"/>
      <UnitOutputDirectory Value="..\lib\$(TargetCPU)-$(TargetOS)"/>
    </SearchPaths>
    <CodeGeneration>
      <SmartLinkUnit Value="True"/>
      <TargetCPU Value="i386"/>
      <TargetOS Value="win32"/>
      <Optimizations>
        <OptimizationLevel Value="3"/>
      </Optimizations>
    </CodeGeneration>
    <Linking>
      <Debugging>
        <GenerateDebugInfo Value="False"/>
      </Debugging>
      <LinkSmart Value="True"/>
      <Options>
        <Win32>
          <GraphicApplication Value="True"/>
        </Win32>
      </Options>
    </Linking>
    <Other>
      <CustomOptions Value="-dRELEASE -dGUI"/>
    </Other>
  </CompilerOptions>
  <Debugging>
    <Exceptions Count="3">
      <Item1>
        <Name Value="EAbort"/>
      </Item1>
      <Item2>
        <Name Value="ECodetoolError"/>
      </Item2>
      <Item3>
        <Name Value="EFOpenError"/>
      </Item3>
    </Exceptions>
  </Debugging>
</CONFIG>
